
Microsoft Visual Studio Solution File, Format Version 12.00
# Visual Studio 15
VisualStudioVersion = 15.0.28307.168
MinimumVisualStudioVersion = 10.0.40219.1
Project("{FAE04EC0-301F-11D3-BF4B-00C04F79EFBC}") = "L2.2-P2-2 RazorPages", "L2.2-P2-2 RazorPages\L2.2-P2-2 RazorPages.csproj", "{09EA261A-19F1-4EB5-938A-0EE681931FDB}"
EndProject
Global
	GlobalSection(SolutionConfigurationPlatforms) = preSolution
		Debug|Any CPU = Debug|Any CPU
		Release|Any CPU = Release|Any CPU
	EndGlobalSection
	GlobalSection(ProjectConfigurationPlatforms) = postSolution
		{09EA261A-19F1-4EB5-938A-0EE681931FDB}.Debug|Any CPU.ActiveCfg = Debug|Any CPU
		{09EA261A-19F1-4EB5-938A-0EE681931FDB}.Debug|Any CPU.Build.0 = Debug|Any CPU
		{09EA261A-19F1-4EB5-938A-0EE681931FDB}.Release|Any CPU.ActiveCfg = Release|Any CPU
		{09EA261A-19F1-4EB5-938A-0EE681931FDB}.Release|Any CPU.Build.0 = Release|Any CPU
	EndGlobalSection
	GlobalSection(SolutionProperties) = preSolution
		HideSolutionNode = FALSE
	EndGlobalSection
	GlobalSection(ExtensibilityGlobals) = postSolution
		SolutionGuid = {F569A7D9-A260-41CD-B732-CE2841A10BC0}
	EndGlobalSection
EndGlobal
