
Microsoft Visual Studio Solution File, Format Version 12.00
# Visual Studio Version 16
VisualStudioVersion = 16.0.29519.181
MinimumVisualStudioVersion = 10.0.40219.1
Project("{FAE04EC0-301F-11D3-BF4B-00C04F79EFBC}") = "ITNews", "ITNews\ITNews.csproj", "{66269206-D012-4D7C-BD46-61C60CCFA856}"
EndProject
Global
	GlobalSection(SolutionConfigurationPlatforms) = preSolution
		Debug|Any CPU = Debug|Any CPU
		Release|Any CPU = Release|Any CPU
	EndGlobalSection
	GlobalSection(ProjectConfigurationPlatforms) = postSolution
		{66269206-D012-4D7C-BD46-61C60CCFA856}.Debug|Any CPU.ActiveCfg = Debug|Any CPU
		{66269206-D012-4D7C-BD46-61C60CCFA856}.Debug|Any CPU.Build.0 = Debug|Any CPU
		{66269206-D012-4D7C-BD46-61C60CCFA856}.Release|Any CPU.ActiveCfg = Release|Any CPU
		{66269206-D012-4D7C-BD46-61C60CCFA856}.Release|Any CPU.Build.0 = Release|Any CPU
	EndGlobalSection
	GlobalSection(SolutionProperties) = preSolution
		HideSolutionNode = FALSE
	EndGlobalSection
	GlobalSection(ExtensibilityGlobals) = postSolution
		SolutionGuid = {0979597D-7C83-4B86-A468-05EE31774E99}
	EndGlobalSection
EndGlobal
